
Microsoft Visual Studio Solution File, Format Version 12.00
# Visual Studio Version 16
VisualStudioVersion = 16.0.33328.57
MinimumVisualStudioVersion = 10.0.40219.1
Project("{FAE04EC0-301F-11D3-BF4B-00C04F79EFBC}") = "90Hz Spam", "90Hz Spam\90Hz Spam.csproj", "{0B31D8CB-6637-4EF1-94EE-6768ABCD8F6C}"
EndProject
Global
	GlobalSection(SolutionConfigurationPlatforms) = preSolution
		Debug|Any CPU = Debug|Any CPU
		Release|Any CPU = Release|Any CPU
	EndGlobalSection
	GlobalSection(ProjectConfigurationPlatforms) = postSolution
		{0B31D8CB-6637-4EF1-94EE-6768ABCD8F6C}.Debug|Any CPU.ActiveCfg = Debug|Any CPU
		{0B31D8CB-6637-4EF1-94EE-6768ABCD8F6C}.Debug|Any CPU.Build.0 = Debug|Any CPU
		{0B31D8CB-6637-4EF1-94EE-6768ABCD8F6C}.Release|Any CPU.ActiveCfg = Release|Any CPU
		{0B31D8CB-6637-4EF1-94EE-6768ABCD8F6C}.Release|Any CPU.Build.0 = Release|Any CPU
	EndGlobalSection
	GlobalSection(SolutionProperties) = preSolution
		HideSolutionNode = FALSE
	EndGlobalSection
	GlobalSection(ExtensibilityGlobals) = postSolution
		SolutionGuid = {D9A90A2A-CF01-4927-B609-FA6A842ED272}
	EndGlobalSection
EndGlobal
